{
  "name": "basic-worker",
  "lockfileVersion": 3,
  "requires": true,
  "packages": {
    "": {
      "name": "basic-worker",
      "dependencies": {
        "@solomicros/ackstate-sdk": "file:../.."
      },
      "devDependencies": {}
    },
    "../..": {
      "name": "@solomicros/ackstate-sdk",
      "version": "0.0.0",
      "dependencies": {
        "undici": "^6.0.0"
      },
      "devDependencies": {},
      "engines": {
        "node": ">=18"
      }
    },
    "node_modules/@solomicros/ackstate-sdk": {
      "resolved": "../..",
      "link": true
    }
  }
}
